
Microsoft Visual Studio Solution File, Format Version 12.00
# Visual Studio Version 17
VisualStudioVersion = 17.7.34009.444
MinimumVisualStudioVersion = 10.0.40219.1
Project("{FAE04EC0-301F-11D3-BF4B-00C04F79EFBC}") = "API_App_Presupuesto", "API_App_Presupuesto.csproj", "{DD39A825-A73E-413C-B9CC-ED9BA26411F7}"
EndProject
Global
	GlobalSection(SolutionConfigurationPlatforms) = preSolution
		Debug|Any CPU = Debug|Any CPU
		Release|Any CPU = Release|Any CPU
	EndGlobalSection
	GlobalSection(ProjectConfigurationPlatforms) = postSolution
		{DD39A825-A73E-413C-B9CC-ED9BA26411F7}.Debug|Any CPU.ActiveCfg = Debug|Any CPU
		{DD39A825-A73E-413C-B9CC-ED9BA26411F7}.Debug|Any CPU.Build.0 = Debug|Any CPU
		{DD39A825-A73E-413C-B9CC-ED9BA26411F7}.Release|Any CPU.ActiveCfg = Release|Any CPU
		{DD39A825-A73E-413C-B9CC-ED9BA26411F7}.Release|Any CPU.Build.0 = Release|Any CPU
	EndGlobalSection
	GlobalSection(SolutionProperties) = preSolution
		HideSolutionNode = FALSE
	EndGlobalSection
	GlobalSection(ExtensibilityGlobals) = postSolution
		SolutionGuid = {A25CC2A2-305F-4074-88FC-69A70E5F3E7D}
	EndGlobalSection
EndGlobal
